<Solution>
  <Folder Name="/src/">
    <Project Path="src/Result.AspNetCore.Http/Result.AspNetCore.Http.csproj" />
    <Project Path="src/Result.Extension/Result.Extension.csproj" />
    <Project Path="src/Result/Result.csproj" />
  </Folder>
  <Folder Name="/tests/">
    <Project Path="tests/Result.AspNetCore.Http.UnitTests/Result.AspNetCore.Http.UnitTests.csproj" />
    <Project Path="tests/UnitTests/UnitTests.csproj" />
  </Folder>
</Solution>
